version = 1
revision = 1
requires-python = ">=3.12.7, <3.13"

[manifest]
members = [
    "nix",
    "nix-scripts",
]

[[package]]
name = "annotated-types"
version = "0.7.0"
source = { registry = "https://pypi.org/simple" }
sdist = { url = "https://files.pythonhosted.org/packages/ee/67/531ea369ba64dcff5ec9c3402f9f51bf748cec26dde048a2f973a4eea7f5/annotated_types-0.7.0.tar.gz", hash = "sha256:aff07c09a53a08bc8cfccb9c85b05f1aa9a2a6f23728d790723543408344ce89", size = 16081 }
wheels = [
    { url = "https://files.pythonhosted.org/packages/78/b6/6307fbef88d9b5ee7421e68d78a9f162e0da4900bc5f5793f6d3d0e34fb8/annotated_types-0.7.0-py3-none-any.whl", hash = "sha256:1f02e8b43a8fbbc3f3e0d4f0f4bfc8131bcb4eebe8849b8e5c773f3a1c582a53", size = 13643 },
]

[[package]]
name = "click"
version = "8.1.8"
source = { registry = "https://pypi.org/simple" }
dependencies = [
    { name = "colorama", marker = "sys_platform == 'win32'" },
]
sdist = { url = "https://files.pythonhosted.org/packages/b9/2e/0090cbf739cee7d23781ad4b89a9894a41538e4fcf4c31dcdd705b78eb8b/click-8.1.8.tar.gz", hash = "sha256:ed53c9d8990d83c2a27deae68e4ee337473f6330c040a31d4225c9574d16096a", size = 226593 }
wheels = [
    { url = "https://files.pythonhosted.org/packages/7e/d4/7ebdbd03970677812aac39c869717059dbb71a4cfc033ca6e5221787892c/click-8.1.8-py3-none-any.whl", hash = "sha256:63c132bbbed01578a06712a2d1f497bb62d9c1c0d329b7903a866228027263b2", size = 98188 },
]

[[package]]
name = "colorama"
version = "0.4.6"
source = { registry = "https://pypi.org/simple" }
sdist = { url = "https://files.pythonhosted.org/packages/d8/53/6f443c9a4a8358a93a6792e2acffb9d9d5cb0a5cfd8802644b7b1c9a02e4/colorama-0.4.6.tar.gz", hash = "sha256:08695f5cb7ed6e0531a20572697297273c47b8cae5a63ffc6d6ed5c201be6e44", size = 27697 }
wheels = [
    { url = "https://files.pythonhosted.org/packages/d1/d6/3965ed04c63042e047cb6a3e6ed1a63a35087b6a609aa3a15ed8ac56c221/colorama-0.4.6-py2.py3-none-any.whl", hash = "sha256:4f1d9991f5acc0ca119f9d443620b77f9d6b33703e51011c16baf57afb285fc6", size = 25335 },
]

[[package]]
name = "gitdb"
version = "4.0.12"
source = { registry = "https://pypi.org/simple" }
dependencies = [
    { name = "smmap" },
]
sdist = { url = "https://files.pythonhosted.org/packages/72/94/63b0fc47eb32792c7ba1fe1b694daec9a63620db1e313033d18140c2320a/gitdb-4.0.12.tar.gz", hash = "sha256:5ef71f855d191a3326fcfbc0d5da835f26b13fbcba60c32c21091c349ffdb571", size = 394684 }
wheels = [
    { url = "https://files.pythonhosted.org/packages/a0/61/5c78b91c3143ed5c14207f463aecfc8f9dbb5092fb2869baf37c273b2705/gitdb-4.0.12-py3-none-any.whl", hash = "sha256:67073e15955400952c6565cc3e707c554a4eea2e428946f7a4c162fab9bd9bcf", size = 62794 },
]

[[package]]
name = "gitpython"
version = "3.1.44"
source = { registry = "https://pypi.org/simple" }
dependencies = [
    { name = "gitdb" },
]
sdist = { url = "https://files.pythonhosted.org/packages/c0/89/37df0b71473153574a5cdef8f242de422a0f5d26d7a9e231e6f169b4ad14/gitpython-3.1.44.tar.gz", hash = "sha256:c87e30b26253bf5418b01b0660f818967f3c503193838337fe5e573331249269", size = 214196 }
wheels = [
    { url = "https://files.pythonhosted.org/packages/1d/9a/4114a9057db2f1462d5c8f8390ab7383925fe1ac012eaa42402ad65c2963/GitPython-3.1.44-py3-none-any.whl", hash = "sha256:9e0e10cda9bed1ee64bc9a6de50e7e38a9c9943241cd7f585f6df3ed28011110", size = 207599 },
]

[[package]]
name = "greenlet"
version = "3.1.1"
source = { registry = "https://pypi.org/simple" }
sdist = { url = "https://files.pythonhosted.org/packages/2f/ff/df5fede753cc10f6a5be0931204ea30c35fa2f2ea7a35b25bdaf4fe40e46/greenlet-3.1.1.tar.gz", hash = "sha256:4ce3ac6cdb6adf7946475d7ef31777c26d94bccc377e070a7986bd2d5c515467", size = 186022 }
wheels = [
    { url = "https://files.pythonhosted.org/packages/7d/ec/bad1ac26764d26aa1353216fcbfa4670050f66d445448aafa227f8b16e80/greenlet-3.1.1-cp312-cp312-macosx_11_0_universal2.whl", hash = "sha256:4afe7ea89de619adc868e087b4d2359282058479d7cfb94970adf4b55284574d", size = 274260 },
    { url = "https://files.pythonhosted.org/packages/66/d4/c8c04958870f482459ab5956c2942c4ec35cac7fe245527f1039837c17a9/greenlet-3.1.1-cp312-cp312-manylinux_2_17_aarch64.manylinux2014_aarch64.whl", hash = "sha256:f406b22b7c9a9b4f8aa9d2ab13d6ae0ac3e85c9a809bd590ad53fed2bf70dc79", size = 649064 },
    { url = "https://files.pythonhosted.org/packages/51/41/467b12a8c7c1303d20abcca145db2be4e6cd50a951fa30af48b6ec607581/greenlet-3.1.1-cp312-cp312-manylinux_2_17_ppc64le.manylinux2014_ppc64le.whl", hash = "sha256:c3a701fe5a9695b238503ce5bbe8218e03c3bcccf7e204e455e7462d770268aa", size = 663420 },
    { url = "https://files.pythonhosted.org/packages/27/8f/2a93cd9b1e7107d5c7b3b7816eeadcac2ebcaf6d6513df9abaf0334777f6/greenlet-3.1.1-cp312-cp312-manylinux_2_17_s390x.manylinux2014_s390x.whl", hash = "sha256:2846930c65b47d70b9d178e89c7e1a69c95c1f68ea5aa0a58646b7a96df12441", size = 658035 },
    { url = "https://files.pythonhosted.org/packages/57/5c/7c6f50cb12be092e1dccb2599be5a942c3416dbcfb76efcf54b3f8be4d8d/greenlet-3.1.1-cp312-cp312-manylinux_2_17_x86_64.manylinux2014_x86_64.whl", hash = "sha256:99cfaa2110534e2cf3ba31a7abcac9d328d1d9f1b95beede58294a60348fba36", size = 660105 },
    { url = "https://files.pythonhosted.org/packages/f1/66/033e58a50fd9ec9df00a8671c74f1f3a320564c6415a4ed82a1c651654ba/greenlet-3.1.1-cp312-cp312-manylinux_2_24_x86_64.manylinux_2_28_x86_64.whl", hash = "sha256:1443279c19fca463fc33e65ef2a935a5b09bb90f978beab37729e1c3c6c25fe9", size = 613077 },
    { url = "https://files.pythonhosted.org/packages/19/c5/36384a06f748044d06bdd8776e231fadf92fc896bd12cb1c9f5a1bda9578/greenlet-3.1.1-cp312-cp312-musllinux_1_1_aarch64.whl", hash = "sha256:b7cede291382a78f7bb5f04a529cb18e068dd29e0fb27376074b6d0317bf4dd0", size = 1135975 },
    { url = "https://files.pythonhosted.org/packages/38/f9/c0a0eb61bdf808d23266ecf1d63309f0e1471f284300ce6dac0ae1231881/greenlet-3.1.1-cp312-cp312-musllinux_1_1_x86_64.whl", hash = "sha256:23f20bb60ae298d7d8656c6ec6db134bca379ecefadb0b19ce6f19d1f232a942", size = 1163955 },
    { url = "https://files.pythonhosted.org/packages/43/21/a5d9df1d21514883333fc86584c07c2b49ba7c602e670b174bd73cfc9c7f/greenlet-3.1.1-cp312-cp312-win_amd64.whl", hash = "sha256:7124e16b4c55d417577c2077be379514321916d5790fa287c9ed6f23bd2ffd01", size = 299655 },
]

[[package]]
name = "inflect"
version = "7.5.0"
source = { registry = "https://pypi.org/simple" }
dependencies = [
    { name = "more-itertools" },
    { name = "typeguard" },
]
sdist = { url = "https://files.pythonhosted.org/packages/78/c6/943357d44a21fd995723d07ccaddd78023eace03c1846049a2645d4324a3/inflect-7.5.0.tar.gz", hash = "sha256:faf19801c3742ed5a05a8ce388e0d8fe1a07f8d095c82201eb904f5d27ad571f", size = 73751 }
wheels = [
    { url = "https://files.pythonhosted.org/packages/8a/eb/427ed2b20a38a4ee29f24dbe4ae2dafab198674fe9a85e3d6adf9e5f5f41/inflect-7.5.0-py3-none-any.whl", hash = "sha256:2aea70e5e70c35d8350b8097396ec155ffd68def678c7ff97f51aa69c1d92344", size = 35197 },
]

[[package]]
name = "more-itertools"
version = "10.6.0"
source = { registry = "https://pypi.org/simple" }
sdist = { url = "https://files.pythonhosted.org/packages/88/3b/7fa1fe835e2e93fd6d7b52b2f95ae810cf5ba133e1845f726f5a992d62c2/more-itertools-10.6.0.tar.gz", hash = "sha256:2cd7fad1009c31cc9fb6a035108509e6547547a7a738374f10bd49a09eb3ee3b", size = 125009 }
wheels = [
    { url = "https://files.pythonhosted.org/packages/23/62/0fe302c6d1be1c777cab0616e6302478251dfbf9055ad426f5d0def75c89/more_itertools-10.6.0-py3-none-any.whl", hash = "sha256:6eb054cb4b6db1473f6e15fcc676a08e4732548acd47c708f0e179c2c7c01e89", size = 63038 },
]

[[package]]
name = "nix"
version = "1"
source = { virtual = "." }

[[package]]
name = "nix-scripts"
version = "1"
source = { editable = "modules/scripts/desktop/nix" }
dependencies = [
    { name = "click" },
    { name = "gitpython" },
    { name = "pyyaml" },
    { name = "sqlalchemy" },
    { name = "sqlalchemy-utils" },
    { name = "sqlcipher3" },
    { name = "sqlmodel" },
    { name = "watchdog" },
]

[package.dev-dependencies]
dev = [
    { name = "reloader-py" },
    { name = "ruff" },
    { name = "sqlacodegen" },
]

[package.metadata]
requires-dist = [
    { name = "click", specifier = ">=8.1.7" },
    { name = "gitpython", specifier = ">=3.1.43" },
    { name = "pyyaml", specifier = ">=6.0.2" },
    { name = "sqlalchemy", specifier = ">=2.0.32" },
    { name = "sqlalchemy-utils", specifier = ">=0.41.2" },
    { name = "sqlcipher3", specifier = ">=0.5.3" },
    { name = "sqlmodel", specifier = ">=0.0.22" },
    { name = "watchdog", specifier = ">=5.0.0" },
]

[package.metadata.requires-dev]
dev = [
    { name = "reloader-py", specifier = ">=0.15.0" },
    { name = "ruff", specifier = ">=0.6.3" },
    { name = "sqlacodegen", git = "https://github.com/agronholm/sqlacodegen.git?tag=3.0.0rc5" },
]

[[package]]
name = "pydantic"
version = "2.10.6"
source = { registry = "https://pypi.org/simple" }
dependencies = [
    { name = "annotated-types" },
    { name = "pydantic-core" },
    { name = "typing-extensions" },
]
sdist = { url = "https://files.pythonhosted.org/packages/b7/ae/d5220c5c52b158b1de7ca89fc5edb72f304a70a4c540c84c8844bf4008de/pydantic-2.10.6.tar.gz", hash = "sha256:ca5daa827cce33de7a42be142548b0096bf05a7e7b365aebfa5f8eeec7128236", size = 761681 }
wheels = [
    { url = "https://files.pythonhosted.org/packages/f4/3c/8cc1cc84deffa6e25d2d0c688ebb80635dfdbf1dbea3e30c541c8cf4d860/pydantic-2.10.6-py3-none-any.whl", hash = "sha256:427d664bf0b8a2b34ff5dd0f5a18df00591adcee7198fbd71981054cef37b584", size = 431696 },
]

[[package]]
name = "pydantic-core"
version = "2.27.2"
source = { registry = "https://pypi.org/simple" }
dependencies = [
    { name = "typing-extensions" },
]
sdist = { url = "https://files.pythonhosted.org/packages/fc/01/f3e5ac5e7c25833db5eb555f7b7ab24cd6f8c322d3a3ad2d67a952dc0abc/pydantic_core-2.27.2.tar.gz", hash = "sha256:eb026e5a4c1fee05726072337ff51d1efb6f59090b7da90d30ea58625b1ffb39", size = 413443 }
wheels = [
    { url = "https://files.pythonhosted.org/packages/d6/74/51c8a5482ca447871c93e142d9d4a92ead74de6c8dc5e66733e22c9bba89/pydantic_core-2.27.2-cp312-cp312-macosx_10_12_x86_64.whl", hash = "sha256:9e0c8cfefa0ef83b4da9588448b6d8d2a2bf1a53c3f1ae5fca39eb3061e2f0b0", size = 1893127 },
    { url = "https://files.pythonhosted.org/packages/d3/f3/c97e80721735868313c58b89d2de85fa80fe8dfeeed84dc51598b92a135e/pydantic_core-2.27.2-cp312-cp312-macosx_11_0_arm64.whl", hash = "sha256:83097677b8e3bd7eaa6775720ec8e0405f1575015a463285a92bfdfe254529ef", size = 1811340 },
    { url = "https://files.pythonhosted.org/packages/9e/91/840ec1375e686dbae1bd80a9e46c26a1e0083e1186abc610efa3d9a36180/pydantic_core-2.27.2-cp312-cp312-manylinux_2_17_aarch64.manylinux2014_aarch64.whl", hash = "sha256:172fce187655fece0c90d90a678424b013f8fbb0ca8b036ac266749c09438cb7", size = 1822900 },
    { url = "https://files.pythonhosted.org/packages/f6/31/4240bc96025035500c18adc149aa6ffdf1a0062a4b525c932065ceb4d868/pydantic_core-2.27.2-cp312-cp312-manylinux_2_17_armv7l.manylinux2014_armv7l.whl", hash = "sha256:519f29f5213271eeeeb3093f662ba2fd512b91c5f188f3bb7b27bc5973816934", size = 1869177 },
    { url = "https://files.pythonhosted.org/packages/fa/20/02fbaadb7808be578317015c462655c317a77a7c8f0ef274bc016a784c54/pydantic_core-2.27.2-cp312-cp312-manylinux_2_17_ppc64le.manylinux2014_ppc64le.whl", hash = "sha256:05e3a55d124407fffba0dd6b0c0cd056d10e983ceb4e5dbd10dda135c31071d6", size = 2038046 },
    { url = "https://files.pythonhosted.org/packages/06/86/7f306b904e6c9eccf0668248b3f272090e49c275bc488a7b88b0823444a4/pydantic_core-2.27.2-cp312-cp312-manylinux_2_17_s390x.manylinux2014_s390x.whl", hash = "sha256:9c3ed807c7b91de05e63930188f19e921d1fe90de6b4f5cd43ee7fcc3525cb8c", size = 2685386 },
    { url = "https://files.pythonhosted.org/packages/8d/f0/49129b27c43396581a635d8710dae54a791b17dfc50c70164866bbf865e3/pydantic_core-2.27.2-cp312-cp312-manylinux_2_17_x86_64.manylinux2014_x86_64.whl", hash = "sha256:6fb4aadc0b9a0c063206846d603b92030eb6f03069151a625667f982887153e2", size = 1997060 },
    { url = "https://files.pythonhosted.org/packages/0d/0f/943b4af7cd416c477fd40b187036c4f89b416a33d3cc0ab7b82708a667aa/pydantic_core-2.27.2-cp312-cp312-manylinux_2_5_i686.manylinux1_i686.whl", hash = "sha256:28ccb213807e037460326424ceb8b5245acb88f32f3d2777427476e1b32c48c4", size = 2004870 },
    { url = "https://files.pythonhosted.org/packages/35/40/aea70b5b1a63911c53a4c8117c0a828d6790483f858041f47bab0b779f44/pydantic_core-2.27.2-cp312-cp312-musllinux_1_1_aarch64.whl", hash = "sha256:de3cd1899e2c279b140adde9357c4495ed9d47131b4a4eaff9052f23398076b3", size = 1999822 },
    { url = "https://files.pythonhosted.org/packages/f2/b3/807b94fd337d58effc5498fd1a7a4d9d59af4133e83e32ae39a96fddec9d/pydantic_core-2.27.2-cp312-cp312-musllinux_1_1_armv7l.whl", hash = "sha256:220f892729375e2d736b97d0e51466252ad84c51857d4d15f5e9692f9ef12be4", size = 2130364 },
    { url = "https://files.pythonhosted.org/packages/fc/df/791c827cd4ee6efd59248dca9369fb35e80a9484462c33c6649a8d02b565/pydantic_core-2.27.2-cp312-cp312-musllinux_1_1_x86_64.whl", hash = "sha256:a0fcd29cd6b4e74fe8ddd2c90330fd8edf2e30cb52acda47f06dd615ae72da57", size = 2158303 },
    { url = "https://files.pythonhosted.org/packages/9b/67/4e197c300976af185b7cef4c02203e175fb127e414125916bf1128b639a9/pydantic_core-2.27.2-cp312-cp312-win32.whl", hash = "sha256:1e2cb691ed9834cd6a8be61228471d0a503731abfb42f82458ff27be7b2186fc", size = 1834064 },
    { url = "https://files.pythonhosted.org/packages/1f/ea/cd7209a889163b8dcca139fe32b9687dd05249161a3edda62860430457a5/pydantic_core-2.27.2-cp312-cp312-win_amd64.whl", hash = "sha256:cc3f1a99a4f4f9dd1de4fe0312c114e740b5ddead65bb4102884b384c15d8bc9", size = 1989046 },
    { url = "https://files.pythonhosted.org/packages/bc/49/c54baab2f4658c26ac633d798dab66b4c3a9bbf47cff5284e9c182f4137a/pydantic_core-2.27.2-cp312-cp312-win_arm64.whl", hash = "sha256:3911ac9284cd8a1792d3cb26a2da18f3ca26c6908cc434a18f730dc0db7bfa3b", size = 1885092 },
]

[[package]]
name = "pyyaml"
version = "6.0.2"
source = { registry = "https://pypi.org/simple" }
sdist = { url = "https://files.pythonhosted.org/packages/54/ed/79a089b6be93607fa5cdaedf301d7dfb23af5f25c398d5ead2525b063e17/pyyaml-6.0.2.tar.gz", hash = "sha256:d584d9ec91ad65861cc08d42e834324ef890a082e591037abe114850ff7bbc3e", size = 130631 }
wheels = [
    { url = "https://files.pythonhosted.org/packages/86/0c/c581167fc46d6d6d7ddcfb8c843a4de25bdd27e4466938109ca68492292c/PyYAML-6.0.2-cp312-cp312-macosx_10_9_x86_64.whl", hash = "sha256:c70c95198c015b85feafc136515252a261a84561b7b1d51e3384e0655ddf25ab", size = 183873 },
    { url = "https://files.pythonhosted.org/packages/a8/0c/38374f5bb272c051e2a69281d71cba6fdb983413e6758b84482905e29a5d/PyYAML-6.0.2-cp312-cp312-macosx_11_0_arm64.whl", hash = "sha256:ce826d6ef20b1bc864f0a68340c8b3287705cae2f8b4b1d932177dcc76721725", size = 173302 },
    { url = "https://files.pythonhosted.org/packages/c3/93/9916574aa8c00aa06bbac729972eb1071d002b8e158bd0e83a3b9a20a1f7/PyYAML-6.0.2-cp312-cp312-manylinux_2_17_aarch64.manylinux2014_aarch64.whl", hash = "sha256:1f71ea527786de97d1a0cc0eacd1defc0985dcf6b3f17bb77dcfc8c34bec4dc5", size = 739154 },
    { url = "https://files.pythonhosted.org/packages/95/0f/b8938f1cbd09739c6da569d172531567dbcc9789e0029aa070856f123984/PyYAML-6.0.2-cp312-cp312-manylinux_2_17_s390x.manylinux2014_s390x.whl", hash = "sha256:9b22676e8097e9e22e36d6b7bda33190d0d400f345f23d4065d48f4ca7ae0425", size = 766223 },
    { url = "https://files.pythonhosted.org/packages/b9/2b/614b4752f2e127db5cc206abc23a8c19678e92b23c3db30fc86ab731d3bd/PyYAML-6.0.2-cp312-cp312-manylinux_2_17_x86_64.manylinux2014_x86_64.whl", hash = "sha256:80bab7bfc629882493af4aa31a4cfa43a4c57c83813253626916b8c7ada83476", size = 767542 },
    { url = "https://files.pythonhosted.org/packages/d4/00/dd137d5bcc7efea1836d6264f049359861cf548469d18da90cd8216cf05f/PyYAML-6.0.2-cp312-cp312-musllinux_1_1_aarch64.whl", hash = "sha256:0833f8694549e586547b576dcfaba4a6b55b9e96098b36cdc7ebefe667dfed48", size = 731164 },
    { url = "https://files.pythonhosted.org/packages/c9/1f/4f998c900485e5c0ef43838363ba4a9723ac0ad73a9dc42068b12aaba4e4/PyYAML-6.0.2-cp312-cp312-musllinux_1_1_x86_64.whl", hash = "sha256:8b9c7197f7cb2738065c481a0461e50ad02f18c78cd75775628afb4d7137fb3b", size = 756611 },
    { url = "https://files.pythonhosted.org/packages/df/d1/f5a275fdb252768b7a11ec63585bc38d0e87c9e05668a139fea92b80634c/PyYAML-6.0.2-cp312-cp312-win32.whl", hash = "sha256:ef6107725bd54b262d6dedcc2af448a266975032bc85ef0172c5f059da6325b4", size = 140591 },
    { url = "https://files.pythonhosted.org/packages/0c/e8/4f648c598b17c3d06e8753d7d13d57542b30d56e6c2dedf9c331ae56312e/PyYAML-6.0.2-cp312-cp312-win_amd64.whl", hash = "sha256:7e7401d0de89a9a855c839bc697c079a4af81cf878373abd7dc625847d25cbd8", size = 156338 },
]

[[package]]
name = "reloader-py"
version = "0.17.0"
source = { registry = "https://pypi.org/simple" }
dependencies = [
    { name = "watchdog" },
]
sdist = { url = "https://files.pythonhosted.org/packages/f0/4d/2943b9016bb57825669f58b2d8b1a3a038e9c0a4412f9ff5fd1006baea37/reloader_py-0.17.0.tar.gz", hash = "sha256:93a441f9c69328db69069a415a9d7a4c254f710859def42c470428443e58eefa", size = 9521 }
wheels = [
    { url = "https://files.pythonhosted.org/packages/0f/56/89c6d03623198fa6e30d1a0c375605ff1a41ac34127f707ebe0270078117/reloader_py-0.17.0-py3-none-any.whl", hash = "sha256:890a99d893c42267cb9643d3ce5bd64700ccd745830bc1dc9f0b167144e39c65", size = 9077 },
]

[[package]]
name = "ruff"
version = "0.9.8"
source = { registry = "https://pypi.org/simple" }
sdist = { url = "https://files.pythonhosted.org/packages/e9/59/ac745a2492986a4c900c73a7a3a10eb4d7a3853e43443519bceecae5eefc/ruff-0.9.8.tar.gz", hash = "sha256:12d455f2be6fe98accbea2487bbb8eaec716c760bf60b45e7e13f76f913f56e9", size = 3715230 }
wheels = [
    { url = "https://files.pythonhosted.org/packages/5c/1c/9de3a463279e9a203104fe80881d7dcfd8377eb52b3d5608770ea6ff3dc6/ruff-0.9.8-py3-none-linux_armv6l.whl", hash = "sha256:d236f0ce0190bbc6fa9b4c4b85e916fb4c50fd087e6558af1bf5a45eb20e374d", size = 10036520 },
    { url = "https://files.pythonhosted.org/packages/35/10/a4eda083ad0b60a4c16bc9a68c6eda59de69a3a58913a0b62541f5c551cd/ruff-0.9.8-py3-none-macosx_10_12_x86_64.whl", hash = "sha256:59fac6922b336d0c38df199761ade561563e1b7636e3a2b767b9ee5a68aa9cbf", size = 10827099 },
    { url = "https://files.pythonhosted.org/packages/57/34/cf7e18f2315926ee2c98f931717e1302f8c3face189f5b99352eb48c5373/ruff-0.9.8-py3-none-macosx_11_0_arm64.whl", hash = "sha256:a82082ec72bde2166ec138055307396c4d4e543fd97266dc2bfa24284cb30af6", size = 10161605 },
    { url = "https://files.pythonhosted.org/packages/f3/08/5e7e8fc08d193e3520b9227249a00bc9b8da9e0a20bf97bef03a9a9f0d38/ruff-0.9.8-py3-none-manylinux_2_17_aarch64.manylinux2014_aarch64.whl", hash = "sha256:e06635d12321605d1d11226c7d3c6b1245a0df498099868d14b4e353b3f0ac22", size = 10338840 },
    { url = "https://files.pythonhosted.org/packages/54/c0/df2187618b87334867ea7942f6d2d79ea3e5cb3ed709cfa5c8df115d3715/ruff-0.9.8-py3-none-manylinux_2_17_armv7l.manylinux2014_armv7l.whl", hash = "sha256:65961815bb35d427e957940d13b2a1d0a67d8b245d3a7e0b5a4a2058536d3532", size = 9891009 },
    { url = "https://files.pythonhosted.org/packages/fb/39/8fc50b87203e71e6f3281111813ab0f3d6095cb1129efc2cf4c33e977657/ruff-0.9.8-py3-none-manylinux_2_17_i686.manylinux2014_i686.whl", hash = "sha256:c18356beaef174797ad83f11debc5569e96afa73a549b2d073912565cfc4cfd1", size = 11413420 },
    { url = "https://files.pythonhosted.org/packages/6a/7b/53cd91b99a1cef31126859fb98fdc347c47e0047a9ec51391ea28f08284d/ruff-0.9.8-py3-none-manylinux_2_17_ppc64.manylinux2014_ppc64.whl", hash = "sha256:a1dfc443bee0288ea926a4d9ecfd858bf94ddf0a03a256c63e81b2b6dccdfc7d", size = 12138017 },
    { url = "https://files.pythonhosted.org/packages/1a/d4/949a328934202a2d2641dcd759761d8ed806e672cbbad0a88e20a46c43ba/ruff-0.9.8-py3-none-manylinux_2_17_ppc64le.manylinux2014_ppc64le.whl", hash = "sha256:bc86d5a85cd5ab1d5aff1650f038aa34681d0692cc2467aa9ddef37bd56ea3f9", size = 11592548 },
    { url = "https://files.pythonhosted.org/packages/c6/8e/8520a4d97eefedb8472811fd5144fcb1fcbb29f83bb9bb4356a468e7eeac/ruff-0.9.8-py3-none-manylinux_2_17_s390x.manylinux2014_s390x.whl", hash = "sha256:66662aa19535d58fe6d04e5b59a39e495b102f2f5a2a1b9698e240eb78f429ef", size = 13787277 },
    { url = "https://files.pythonhosted.org/packages/24/68/f1629e00dbc5c9adcd31f12f9438b68c50ab0eefca8b07e11b6c94f11b09/ruff-0.9.8-py3-none-manylinux_2_17_x86_64.manylinux2014_x86_64.whl", hash = "sha256:733647b2fe9367e1aa049c0eba296363746f3bc0dbfd454b0bc4b7b46cdf0146", size = 11275421 },
    { url = "https://files.pythonhosted.org/packages/28/65/c133462f179b925e49910532c7d7b5a244df5995c155cd2ab9452545926f/ruff-0.9.8-py3-none-musllinux_1_2_aarch64.whl", hash = "sha256:100031be9777f67af7f61b4d4eea2a0531ed6788940aca4360f6b9aae317c53b", size = 10220273 },
    { url = "https://files.pythonhosted.org/packages/d8/1e/9339aef1896470380838385dbdc91f62998c37d406009f05ff3b810265f3/ruff-0.9.8-py3-none-musllinux_1_2_armv7l.whl", hash = "sha256:2f090758d58b4667d9022eee1085a854db93d800279e5a177ebda5adc1faf639", size = 9860266 },
    { url = "https://files.pythonhosted.org/packages/ca/33/2a2934860df6bd3665776ec686fc33910e7a1b793bdd2f000aea3e8f0b65/ruff-0.9.8-py3-none-musllinux_1_2_i686.whl", hash = "sha256:f774998b9c9a062510533aba9b53085de6be6d41e13a7a0bd086af8a40e838c3", size = 10831947 },
    { url = "https://files.pythonhosted.org/packages/74/66/0a7677b1cda4b2367a654f9af57f1dbe58f38c6704da88aee9bbf3941197/ruff-0.9.8-py3-none-musllinux_1_2_x86_64.whl", hash = "sha256:6ef7cc80626264ab8ab4d68b359ba867b8a52b0830a9643cd31289146dd40892", size = 11306767 },
    { url = "https://files.pythonhosted.org/packages/c4/90/6c98f94e036c8acdf19bd8f3f84d246e43cbcc950e24dc7ff85d2f2735ba/ruff-0.9.8-py3-none-win32.whl", hash = "sha256:54b57b623a683e696a1ede99db95500763c1badafe105b6ad8d8e9d96e385ae2", size = 10234107 },
    { url = "https://files.pythonhosted.org/packages/f5/e7/35877491b4b64daa35cbd7dc06aa5969e7bb1cd6f69e5594e4376dfbc16d/ruff-0.9.8-py3-none-win_amd64.whl", hash = "sha256:b0878103b2fb8af55ad701308a69ce713108ad346c3a3a143ebcd1e13829c9a7", size = 11357825 },
    { url = "https://files.pythonhosted.org/packages/6e/98/de77a972b2e9ded804dea5d4e6fbfa093d99e81092602567787ea87979af/ruff-0.9.8-py3-none-win_arm64.whl", hash = "sha256:e459a4fc4150fcc60da26c59a6a4b70878c60a99df865a71cf6f958dc68c419a", size = 10435420 },
]

[[package]]
name = "smmap"
version = "5.0.2"
source = { registry = "https://pypi.org/simple" }
sdist = { url = "https://files.pythonhosted.org/packages/44/cd/a040c4b3119bbe532e5b0732286f805445375489fceaec1f48306068ee3b/smmap-5.0.2.tar.gz", hash = "sha256:26ea65a03958fa0c8a1c7e8c7a58fdc77221b8910f6be2131affade476898ad5", size = 22329 }
wheels = [
    { url = "https://files.pythonhosted.org/packages/04/be/d09147ad1ec7934636ad912901c5fd7667e1c858e19d355237db0d0cd5e4/smmap-5.0.2-py3-none-any.whl", hash = "sha256:b30115f0def7d7531d22a0fb6502488d879e75b260a9db4d0819cfb25403af5e", size = 24303 },
]

[[package]]
name = "sqlacodegen"
version = "3.0.0rc5"
source = { git = "https://github.com/agronholm/sqlacodegen.git?tag=3.0.0rc5#2a6053224d28da27c9b89aa611b9dd4c27637fe6" }
dependencies = [
    { name = "inflect" },
    { name = "sqlalchemy" },
]

[[package]]
name = "sqlalchemy"
version = "2.0.38"
source = { registry = "https://pypi.org/simple" }
dependencies = [
    { name = "greenlet", marker = "platform_machine == 'AMD64' or platform_machine == 'WIN32' or platform_machine == 'aarch64' or platform_machine == 'amd64' or platform_machine == 'ppc64le' or platform_machine == 'win32' or platform_machine == 'x86_64'" },
    { name = "typing-extensions" },
]
sdist = { url = "https://files.pythonhosted.org/packages/e4/08/9a90962ea72acd532bda71249a626344d855c4032603924b1b547694b837/sqlalchemy-2.0.38.tar.gz", hash = "sha256:e5a4d82bdb4bf1ac1285a68eab02d253ab73355d9f0fe725a97e1e0fa689decb", size = 9634782 }
wheels = [
    { url = "https://files.pythonhosted.org/packages/5a/f8/6d0424af1442c989b655a7b5f608bc2ae5e4f94cdf6df9f6054f629dc587/SQLAlchemy-2.0.38-cp312-cp312-macosx_10_13_x86_64.whl", hash = "sha256:12d5b06a1f3aeccf295a5843c86835033797fea292c60e72b07bcb5d820e6dd3", size = 2104927 },
    { url = "https://files.pythonhosted.org/packages/25/80/fc06e65fca0a19533e2bfab633a5633ed8b6ee0b9c8d580acf84609ce4da/SQLAlchemy-2.0.38-cp312-cp312-macosx_11_0_arm64.whl", hash = "sha256:e036549ad14f2b414c725349cce0772ea34a7ab008e9cd67f9084e4f371d1f32", size = 2095317 },
    { url = "https://files.pythonhosted.org/packages/98/2d/5d66605f76b8e344813237dc160a01f03b987201e974b46056a7fb94a874/SQLAlchemy-2.0.38-cp312-cp312-manylinux_2_17_aarch64.manylinux2014_aarch64.whl", hash = "sha256:ee3bee874cb1fadee2ff2b79fc9fc808aa638670f28b2145074538d4a6a5028e", size = 3244735 },
    { url = "https://files.pythonhosted.org/packages/73/8d/b0539e8dce90861efc38fea3eefb15a5d0cfeacf818614762e77a9f192f9/SQLAlchemy-2.0.38-cp312-cp312-manylinux_2_17_x86_64.manylinux2014_x86_64.whl", hash = "sha256:e185ea07a99ce8b8edfc788c586c538c4b1351007e614ceb708fd01b095ef33e", size = 3255581 },
    { url = "https://files.pythonhosted.org/packages/ac/a5/94e1e44bf5bdffd1782807fcc072542b110b950f0be53f49e68b5f5eca1b/SQLAlchemy-2.0.38-cp312-cp312-musllinux_1_2_aarch64.whl", hash = "sha256:b79ee64d01d05a5476d5cceb3c27b5535e6bb84ee0f872ba60d9a8cd4d0e6579", size = 3190877 },
    { url = "https://files.pythonhosted.org/packages/91/13/f08b09996dce945aec029c64f61c13b4788541ac588d9288e31e0d3d8850/SQLAlchemy-2.0.38-cp312-cp312-musllinux_1_2_x86_64.whl", hash = "sha256:afd776cf1ebfc7f9aa42a09cf19feadb40a26366802d86c1fba080d8e5e74bdd", size = 3217485 },
    { url = "https://files.pythonhosted.org/packages/13/8f/8cfe2ba5ba6d8090f4de0e658330c53be6b7bf430a8df1b141c2b180dcdf/SQLAlchemy-2.0.38-cp312-cp312-win32.whl", hash = "sha256:a5645cd45f56895cfe3ca3459aed9ff2d3f9aaa29ff7edf557fa7a23515a3725", size = 2075254 },
    { url = "https://files.pythonhosted.org/packages/c2/5c/e3c77fae41862be1da966ca98eec7fbc07cdd0b00f8b3e1ef2a13eaa6cca/SQLAlchemy-2.0.38-cp312-cp312-win_amd64.whl", hash = "sha256:1052723e6cd95312f6a6eff9a279fd41bbae67633415373fdac3c430eca3425d", size = 2100865 },
    { url = "https://files.pythonhosted.org/packages/aa/e4/592120713a314621c692211eba034d09becaf6bc8848fabc1dc2a54d8c16/SQLAlchemy-2.0.38-py3-none-any.whl", hash = "sha256:63178c675d4c80def39f1febd625a6333f44c0ba269edd8a468b156394b27753", size = 1896347 },
]

[[package]]
name = "sqlalchemy-utils"
version = "0.41.2"
source = { registry = "https://pypi.org/simple" }
dependencies = [
    { name = "sqlalchemy" },
]
sdist = { url = "https://files.pythonhosted.org/packages/4d/bf/abfd5474cdd89ddd36dbbde9c6efba16bfa7f5448913eba946fed14729da/SQLAlchemy-Utils-0.41.2.tar.gz", hash = "sha256:bc599c8c3b3319e53ce6c5c3c471120bd325d0071fb6f38a10e924e3d07b9990", size = 138017 }
wheels = [
    { url = "https://files.pythonhosted.org/packages/d5/f0/dc4757b83ac1ab853cf222df8535ed73973e0c203d983982ba7b8bc60508/SQLAlchemy_Utils-0.41.2-py3-none-any.whl", hash = "sha256:85cf3842da2bf060760f955f8467b87983fb2e30f1764fd0e24a48307dc8ec6e", size = 93083 },
]

[[package]]
name = "sqlcipher3"
version = "0.5.4"
source = { registry = "https://pypi.org/simple" }
sdist = { url = "https://files.pythonhosted.org/packages/8e/6a/2d0a0f761c0b5cd182e4ef3b5459b27cd0ce7a6dcc6f34b6b1c79f73e752/sqlcipher3-0.5.4.tar.gz", hash = "sha256:e30ff58d64dd43e19eceddd10116a1a27ad1d9888cc4245c75f2bda9b0384e77", size = 40316 }

[[package]]
name = "sqlmodel"
version = "0.0.22"
source = { registry = "https://pypi.org/simple" }
dependencies = [
    { name = "pydantic" },
    { name = "sqlalchemy" },
]
sdist = { url = "https://files.pythonhosted.org/packages/b5/39/8641040ab0d5e1d8a1c2325ae89a01ae659fc96c61a43d158fb71c9a0bf0/sqlmodel-0.0.22.tar.gz", hash = "sha256:7d37c882a30c43464d143e35e9ecaf945d88035e20117bf5ec2834a23cbe505e", size = 116392 }
wheels = [
    { url = "https://files.pythonhosted.org/packages/dd/b1/3af5104b716c420e40a6ea1b09886cae3a1b9f4538343875f637755cae5b/sqlmodel-0.0.22-py3-none-any.whl", hash = "sha256:a1ed13e28a1f4057cbf4ff6cdb4fc09e85702621d3259ba17b3c230bfb2f941b", size = 28276 },
]

[[package]]
name = "typeguard"
version = "4.4.2"
source = { registry = "https://pypi.org/simple" }
dependencies = [
    { name = "typing-extensions" },
]
sdist = { url = "https://files.pythonhosted.org/packages/70/60/8cd6a3d78d00ceeb2193c02b7ed08f063d5341ccdfb24df88e61f383048e/typeguard-4.4.2.tar.gz", hash = "sha256:a6f1065813e32ef365bc3b3f503af8a96f9dd4e0033a02c28c4a4983de8c6c49", size = 75746 }
wheels = [
    { url = "https://files.pythonhosted.org/packages/cf/4b/9a77dc721aa0b7f74440a42e4ef6f9a4fae7324e17f64f88b96f4c25cc05/typeguard-4.4.2-py3-none-any.whl", hash = "sha256:77a78f11f09777aeae7fa08585f33b5f4ef0e7335af40005b0c422ed398ff48c", size = 35801 },
]

[[package]]
name = "typing-extensions"
version = "4.12.2"
source = { registry = "https://pypi.org/simple" }
sdist = { url = "https://files.pythonhosted.org/packages/df/db/f35a00659bc03fec321ba8bce9420de607a1d37f8342eee1863174c69557/typing_extensions-4.12.2.tar.gz", hash = "sha256:1a7ead55c7e559dd4dee8856e3a88b41225abfe1ce8df57b7c13915fe121ffb8", size = 85321 }
wheels = [
    { url = "https://files.pythonhosted.org/packages/26/9f/ad63fc0248c5379346306f8668cda6e2e2e9c95e01216d2b8ffd9ff037d0/typing_extensions-4.12.2-py3-none-any.whl", hash = "sha256:04e5ca0351e0f3f85c6853954072df659d0d13fac324d0072316b67d7794700d", size = 37438 },
]

[[package]]
name = "watchdog"
version = "6.0.0"
source = { registry = "https://pypi.org/simple" }
sdist = { url = "https://files.pythonhosted.org/packages/db/7d/7f3d619e951c88ed75c6037b246ddcf2d322812ee8ea189be89511721d54/watchdog-6.0.0.tar.gz", hash = "sha256:9ddf7c82fda3ae8e24decda1338ede66e1c99883db93711d8fb941eaa2d8c282", size = 131220 }
wheels = [
    { url = "https://files.pythonhosted.org/packages/39/ea/3930d07dafc9e286ed356a679aa02d777c06e9bfd1164fa7c19c288a5483/watchdog-6.0.0-cp312-cp312-macosx_10_13_universal2.whl", hash = "sha256:bdd4e6f14b8b18c334febb9c4425a878a2ac20efd1e0b231978e7b150f92a948", size = 96471 },
    { url = "https://files.pythonhosted.org/packages/12/87/48361531f70b1f87928b045df868a9fd4e253d9ae087fa4cf3f7113be363/watchdog-6.0.0-cp312-cp312-macosx_10_13_x86_64.whl", hash = "sha256:c7c15dda13c4eb00d6fb6fc508b3c0ed88b9d5d374056b239c4ad1611125c860", size = 88449 },
    { url = "https://files.pythonhosted.org/packages/5b/7e/8f322f5e600812e6f9a31b75d242631068ca8f4ef0582dd3ae6e72daecc8/watchdog-6.0.0-cp312-cp312-macosx_11_0_arm64.whl", hash = "sha256:6f10cb2d5902447c7d0da897e2c6768bca89174d0c6e1e30abec5421af97a5b0", size = 89054 },
    { url = "https://files.pythonhosted.org/packages/a9/c7/ca4bf3e518cb57a686b2feb4f55a1892fd9a3dd13f470fca14e00f80ea36/watchdog-6.0.0-py3-none-manylinux2014_aarch64.whl", hash = "sha256:7607498efa04a3542ae3e05e64da8202e58159aa1fa4acddf7678d34a35d4f13", size = 79079 },
    { url = "https://files.pythonhosted.org/packages/5c/51/d46dc9332f9a647593c947b4b88e2381c8dfc0942d15b8edc0310fa4abb1/watchdog-6.0.0-py3-none-manylinux2014_armv7l.whl", hash = "sha256:9041567ee8953024c83343288ccc458fd0a2d811d6a0fd68c4c22609e3490379", size = 79078 },
    { url = "https://files.pythonhosted.org/packages/d4/57/04edbf5e169cd318d5f07b4766fee38e825d64b6913ca157ca32d1a42267/watchdog-6.0.0-py3-none-manylinux2014_i686.whl", hash = "sha256:82dc3e3143c7e38ec49d61af98d6558288c415eac98486a5c581726e0737c00e", size = 79076 },
    { url = "https://files.pythonhosted.org/packages/ab/cc/da8422b300e13cb187d2203f20b9253e91058aaf7db65b74142013478e66/watchdog-6.0.0-py3-none-manylinux2014_ppc64.whl", hash = "sha256:212ac9b8bf1161dc91bd09c048048a95ca3a4c4f5e5d4a7d1b1a7d5752a7f96f", size = 79077 },
    { url = "https://files.pythonhosted.org/packages/2c/3b/b8964e04ae1a025c44ba8e4291f86e97fac443bca31de8bd98d3263d2fcf/watchdog-6.0.0-py3-none-manylinux2014_ppc64le.whl", hash = "sha256:e3df4cbb9a450c6d49318f6d14f4bbc80d763fa587ba46ec86f99f9e6876bb26", size = 79078 },
    { url = "https://files.pythonhosted.org/packages/62/ae/a696eb424bedff7407801c257d4b1afda455fe40821a2be430e173660e81/watchdog-6.0.0-py3-none-manylinux2014_s390x.whl", hash = "sha256:2cce7cfc2008eb51feb6aab51251fd79b85d9894e98ba847408f662b3395ca3c", size = 79077 },
    { url = "https://files.pythonhosted.org/packages/b5/e8/dbf020b4d98251a9860752a094d09a65e1b436ad181faf929983f697048f/watchdog-6.0.0-py3-none-manylinux2014_x86_64.whl", hash = "sha256:20ffe5b202af80ab4266dcd3e91aae72bf2da48c0d33bdb15c66658e685e94e2", size = 79078 },
    { url = "https://files.pythonhosted.org/packages/07/f6/d0e5b343768e8bcb4cda79f0f2f55051bf26177ecd5651f84c07567461cf/watchdog-6.0.0-py3-none-win32.whl", hash = "sha256:07df1fdd701c5d4c8e55ef6cf55b8f0120fe1aef7ef39a1c6fc6bc2e606d517a", size = 79065 },
    { url = "https://files.pythonhosted.org/packages/db/d9/c495884c6e548fce18a8f40568ff120bc3a4b7b99813081c8ac0c936fa64/watchdog-6.0.0-py3-none-win_amd64.whl", hash = "sha256:cbafb470cf848d93b5d013e2ecb245d4aa1c8fd0504e863ccefa32445359d680", size = 79070 },
    { url = "https://files.pythonhosted.org/packages/33/e8/e40370e6d74ddba47f002a32919d91310d6074130fe4e17dabcafc15cbf1/watchdog-6.0.0-py3-none-win_ia64.whl", hash = "sha256:a1914259fa9e1454315171103c6a30961236f508b9b623eae470268bbcc6a22f", size = 79067 },
]
